
Microsoft Visual Studio Solution File, Format Version 12.00
# Visual Studio Version 17
VisualStudioVersion = 17.5.002.0
MinimumVisualStudioVersion = 10.0.40219.1
Project("{9A19103F-16F7-4668-BE54-9A1E7A4F7556}") = "Back", "Back\Back.csproj", "{44CAB695-46F9-4C54-8853-0780790160A5}"
EndProject
Global
	GlobalSection(SolutionConfigurationPlatforms) = preSolution
		Debug|Any CPU = Debug|Any CPU
		Release|Any CPU = Release|Any CPU
	EndGlobalSection
	GlobalSection(ProjectConfigurationPlatforms) = postSolution
		{44CAB695-46F9-4C54-8853-0780790160A5}.Debug|Any CPU.ActiveCfg = Debug|Any CPU
		{44CAB695-46F9-4C54-8853-0780790160A5}.Debug|Any CPU.Build.0 = Debug|Any CPU
		{44CAB695-46F9-4C54-8853-0780790160A5}.Release|Any CPU.ActiveCfg = Release|Any CPU
		{44CAB695-46F9-4C54-8853-0780790160A5}.Release|Any CPU.Build.0 = Release|Any CPU
	EndGlobalSection
	GlobalSection(SolutionProperties) = preSolution
		HideSolutionNode = FALSE
	EndGlobalSection
	GlobalSection(ExtensibilityGlobals) = postSolution
		SolutionGuid = {6E1E0E2B-4CA1-43DB-986C-2E4E7E8DCDA0}
	EndGlobalSection
EndGlobal
